
Microsoft Visual Studio Solution File, Format Version 12.00
Project("{FAE04EC0-301F-11D3-BF4B-00C04F79EFBC}") = "AkkaLab", "AkkaLab\AkkaLab.csproj", "{DDEB6F8D-D4C4-4474-8D83-B728CC0E15B3}"
EndProject
Global
	GlobalSection(SolutionConfigurationPlatforms) = preSolution
		Debug|Any CPU = Debug|Any CPU
		Release|Any CPU = Release|Any CPU
	EndGlobalSection
	GlobalSection(ProjectConfigurationPlatforms) = postSolution
		{DDEB6F8D-D4C4-4474-8D83-B728CC0E15B3}.Debug|Any CPU.ActiveCfg = Debug|Any CPU
		{DDEB6F8D-D4C4-4474-8D83-B728CC0E15B3}.Debug|Any CPU.Build.0 = Debug|Any CPU
		{DDEB6F8D-D4C4-4474-8D83-B728CC0E15B3}.Release|Any CPU.ActiveCfg = Release|Any CPU
		{DDEB6F8D-D4C4-4474-8D83-B728CC0E15B3}.Release|Any CPU.Build.0 = Release|Any CPU
	EndGlobalSection
EndGlobal
